
Microsoft Visual Studio Solution File, Format Version 12.00
# Visual Studio Version 16
VisualStudioVersion = 16.0.30804.86
MinimumVisualStudioVersion = 10.0.40219.1
Project("{9A19103F-16F7-4668-BE54-9A1E7A4F7556}") = "App.Domain", "App.Domain\App.Domain.csproj", "{C94B83E1-51C1-420E-B497-AA3C4A8777C0}"
EndProject
Project("{9A19103F-16F7-4668-BE54-9A1E7A4F7556}") = "App.Infrastructure", "App.Infrastructure\App.Infrastructure.csproj", "{D01D3777-92EC-4390-8F32-AC900B60A515}"
EndProject
Project("{9A19103F-16F7-4668-BE54-9A1E7A4F7556}") = "App.Shared", "App.Shared\App.Shared.csproj", "{1D6E2262-EF48-4E4E-A1FF-C6F30A995079}"
EndProject
Project("{2150E333-8FDC-42A3-9474-1A3956D46DE8}") = "1. API", "1. API", "{789EE06F-3D12-431B-8325-480DB82CBDD9}"
EndProject
Project("{2150E333-8FDC-42A3-9474-1A3956D46DE8}") = "2. Domain", "2. Domain", "{2838387A-E9B3-4A28-913C-FA57D6CBF018}"
EndProject
Project("{2150E333-8FDC-42A3-9474-1A3956D46DE8}") = "3. Infrastructure", "3. Infrastructure", "{471F6FCE-F96B-4D94-BBBB-3ED76A597593}"
EndProject
Project("{2150E333-8FDC-42A3-9474-1A3956D46DE8}") = "4. Shared", "4. Shared", "{278456A0-E9C0-44A9-85E4-2F10EA26E6D4}"
EndProject
Project("{9A19103F-16F7-4668-BE54-9A1E7A4F7556}") = "TaxaJuros.Api", "TaxaJuros.Api\TaxaJuros.Api.csproj", "{9F7B4482-7696-4EEB-854B-AB041CB36FC1}"
EndProject
Project("{9A19103F-16F7-4668-BE54-9A1E7A4F7556}") = "CalculaJuros.Api", "CalculaJuros.Api\CalculaJuros.Api.csproj", "{1F0479CC-8FF1-403E-972A-BE393017FC31}"
EndProject
Project("{2150E333-8FDC-42A3-9474-1A3956D46DE8}") = "5. Tests", "5. Tests", "{DBAEA8F4-8D27-41BB-8481-E6CE9B632864}"
EndProject
Project("{FAE04EC0-301F-11D3-BF4B-00C04F79EFBC}") = "App.Test", "App.Test\App.Test.csproj", "{16C2CAA9-181F-47C9-9283-192427EEE436}"
EndProject
Global
	GlobalSection(SolutionConfigurationPlatforms) = preSolution
		Debug|Any CPU = Debug|Any CPU
		Release|Any CPU = Release|Any CPU
	EndGlobalSection
	GlobalSection(ProjectConfigurationPlatforms) = postSolution
		{C94B83E1-51C1-420E-B497-AA3C4A8777C0}.Debug|Any CPU.ActiveCfg = Debug|Any CPU
		{C94B83E1-51C1-420E-B497-AA3C4A8777C0}.Debug|Any CPU.Build.0 = Debug|Any CPU
		{C94B83E1-51C1-420E-B497-AA3C4A8777C0}.Release|Any CPU.ActiveCfg = Release|Any CPU
		{C94B83E1-51C1-420E-B497-AA3C4A8777C0}.Release|Any CPU.Build.0 = Release|Any CPU
		{D01D3777-92EC-4390-8F32-AC900B60A515}.Debug|Any CPU.ActiveCfg = Debug|Any CPU
		{D01D3777-92EC-4390-8F32-AC900B60A515}.Debug|Any CPU.Build.0 = Debug|Any CPU
		{D01D3777-92EC-4390-8F32-AC900B60A515}.Release|Any CPU.ActiveCfg = Release|Any CPU
		{D01D3777-92EC-4390-8F32-AC900B60A515}.Release|Any CPU.Build.0 = Release|Any CPU
		{1D6E2262-EF48-4E4E-A1FF-C6F30A995079}.Debug|Any CPU.ActiveCfg = Debug|Any CPU
		{1D6E2262-EF48-4E4E-A1FF-C6F30A995079}.Debug|Any CPU.Build.0 = Debug|Any CPU
		{1D6E2262-EF48-4E4E-A1FF-C6F30A995079}.Release|Any CPU.ActiveCfg = Release|Any CPU
		{1D6E2262-EF48-4E4E-A1FF-C6F30A995079}.Release|Any CPU.Build.0 = Release|Any CPU
		{9F7B4482-7696-4EEB-854B-AB041CB36FC1}.Debug|Any CPU.ActiveCfg = Debug|Any CPU
		{9F7B4482-7696-4EEB-854B-AB041CB36FC1}.Debug|Any CPU.Build.0 = Debug|Any CPU
		{9F7B4482-7696-4EEB-854B-AB041CB36FC1}.Release|Any CPU.ActiveCfg = Release|Any CPU
		{9F7B4482-7696-4EEB-854B-AB041CB36FC1}.Release|Any CPU.Build.0 = Release|Any CPU
		{1F0479CC-8FF1-403E-972A-BE393017FC31}.Debug|Any CPU.ActiveCfg = Debug|Any CPU
		{1F0479CC-8FF1-403E-972A-BE393017FC31}.Debug|Any CPU.Build.0 = Debug|Any CPU
		{1F0479CC-8FF1-403E-972A-BE393017FC31}.Release|Any CPU.ActiveCfg = Release|Any CPU
		{1F0479CC-8FF1-403E-972A-BE393017FC31}.Release|Any CPU.Build.0 = Release|Any CPU
		{16C2CAA9-181F-47C9-9283-192427EEE436}.Debug|Any CPU.ActiveCfg = Debug|Any CPU
		{16C2CAA9-181F-47C9-9283-192427EEE436}.Debug|Any CPU.Build.0 = Debug|Any CPU
		{16C2CAA9-181F-47C9-9283-192427EEE436}.Release|Any CPU.ActiveCfg = Release|Any CPU
		{16C2CAA9-181F-47C9-9283-192427EEE436}.Release|Any CPU.Build.0 = Release|Any CPU
	EndGlobalSection
	GlobalSection(SolutionProperties) = preSolution
		HideSolutionNode = FALSE
	EndGlobalSection
	GlobalSection(NestedProjects) = preSolution
		{C94B83E1-51C1-420E-B497-AA3C4A8777C0} = {2838387A-E9B3-4A28-913C-FA57D6CBF018}
		{D01D3777-92EC-4390-8F32-AC900B60A515} = {471F6FCE-F96B-4D94-BBBB-3ED76A597593}
		{1D6E2262-EF48-4E4E-A1FF-C6F30A995079} = {278456A0-E9C0-44A9-85E4-2F10EA26E6D4}
		{9F7B4482-7696-4EEB-854B-AB041CB36FC1} = {789EE06F-3D12-431B-8325-480DB82CBDD9}
		{1F0479CC-8FF1-403E-972A-BE393017FC31} = {789EE06F-3D12-431B-8325-480DB82CBDD9}
		{16C2CAA9-181F-47C9-9283-192427EEE436} = {DBAEA8F4-8D27-41BB-8481-E6CE9B632864}
	EndGlobalSection
	GlobalSection(ExtensibilityGlobals) = postSolution
		SolutionGuid = {929E3EF7-8E1E-49B4-A526-C13A697A1B47}
	EndGlobalSection
EndGlobal
